
Microsoft Visual Studio Solution File, Format Version 12.00
# Visual Studio Version 17
VisualStudioVersion = 17.10.34928.147
MinimumVisualStudioVersion = 10.0.40219.1
Project("{FAE04EC0-301F-11D3-BF4B-00C04F79EFBC}") = "ClientApplication", "ClientServerApplication\ClientApplication.csproj", "{9EFF45B0-FC99-4476-BD74-DD7DEC7545A1}"
EndProject
Project("{FAE04EC0-301F-11D3-BF4B-00C04F79EFBC}") = "ServerApplication", "ServerApplication\ServerApplication.csproj", "{86D93858-907F-4355-B9CE-B5CC801F0881}"
EndProject
Global
	GlobalSection(SolutionConfigurationPlatforms) = preSolution
		Debug|Any CPU = Debug|Any CPU
		Release|Any CPU = Release|Any CPU
	EndGlobalSection
	GlobalSection(ProjectConfigurationPlatforms) = postSolution
		{9EFF45B0-FC99-4476-BD74-DD7DEC7545A1}.Debug|Any CPU.ActiveCfg = Debug|Any CPU
		{9EFF45B0-FC99-4476-BD74-DD7DEC7545A1}.Debug|Any CPU.Build.0 = Debug|Any CPU
		{9EFF45B0-FC99-4476-BD74-DD7DEC7545A1}.Release|Any CPU.ActiveCfg = Release|Any CPU
		{9EFF45B0-FC99-4476-BD74-DD7DEC7545A1}.Release|Any CPU.Build.0 = Release|Any CPU
		{86D93858-907F-4355-B9CE-B5CC801F0881}.Debug|Any CPU.ActiveCfg = Debug|Any CPU
		{86D93858-907F-4355-B9CE-B5CC801F0881}.Debug|Any CPU.Build.0 = Debug|Any CPU
		{86D93858-907F-4355-B9CE-B5CC801F0881}.Release|Any CPU.ActiveCfg = Release|Any CPU
		{86D93858-907F-4355-B9CE-B5CC801F0881}.Release|Any CPU.Build.0 = Release|Any CPU
	EndGlobalSection
	GlobalSection(SolutionProperties) = preSolution
		HideSolutionNode = FALSE
	EndGlobalSection
	GlobalSection(ExtensibilityGlobals) = postSolution
		SolutionGuid = {4C0F9FB8-DA2B-4A05-9EDD-F09F2B810A85}
	EndGlobalSection
EndGlobal
